
Microsoft Visual Studio Solution File, Format Version 12.00
# Visual Studio Version 17
VisualStudioVersion = 17.5.33516.290
MinimumVisualStudioVersion = 10.0.40219.1
Project("{FAE04EC0-301F-11D3-BF4B-00C04F79EFBC}") = "Задание 3", "Задание 3\Задание 3.csproj", "{98ABEEFC-DD00-4EA6-81F2-8D03C840A6E3}"
EndProject
Global
	GlobalSection(SolutionConfigurationPlatforms) = preSolution
		Debug|Any CPU = Debug|Any CPU
		Release|Any CPU = Release|Any CPU
	EndGlobalSection
	GlobalSection(ProjectConfigurationPlatforms) = postSolution
		{98ABEEFC-DD00-4EA6-81F2-8D03C840A6E3}.Debug|Any CPU.ActiveCfg = Debug|Any CPU
		{98ABEEFC-DD00-4EA6-81F2-8D03C840A6E3}.Debug|Any CPU.Build.0 = Debug|Any CPU
		{98ABEEFC-DD00-4EA6-81F2-8D03C840A6E3}.Release|Any CPU.ActiveCfg = Release|Any CPU
		{98ABEEFC-DD00-4EA6-81F2-8D03C840A6E3}.Release|Any CPU.Build.0 = Release|Any CPU
	EndGlobalSection
	GlobalSection(SolutionProperties) = preSolution
		HideSolutionNode = FALSE
	EndGlobalSection
	GlobalSection(ExtensibilityGlobals) = postSolution
		SolutionGuid = {3254C1E9-0C87-41BE-A65E-72F472DF3863}
	EndGlobalSection
EndGlobal
