
Microsoft Visual Studio Solution File, Format Version 12.00
# Visual Studio Version 17
VisualStudioVersion = 17.5.33516.290
MinimumVisualStudioVersion = 10.0.40219.1
Project("{FAE04EC0-301F-11D3-BF4B-00C04F79EFBC}") = "П 2.2 Задача 2", "П 2.2 Задача 2\П 2.2 Задача 2.csproj", "{C52B2045-D831-41AD-AEBC-1A94E35A9881}"
EndProject
Global
	GlobalSection(SolutionConfigurationPlatforms) = preSolution
		Debug|Any CPU = Debug|Any CPU
		Release|Any CPU = Release|Any CPU
	EndGlobalSection
	GlobalSection(ProjectConfigurationPlatforms) = postSolution
		{C52B2045-D831-41AD-AEBC-1A94E35A9881}.Debug|Any CPU.ActiveCfg = Debug|Any CPU
		{C52B2045-D831-41AD-AEBC-1A94E35A9881}.Debug|Any CPU.Build.0 = Debug|Any CPU
		{C52B2045-D831-41AD-AEBC-1A94E35A9881}.Release|Any CPU.ActiveCfg = Release|Any CPU
		{C52B2045-D831-41AD-AEBC-1A94E35A9881}.Release|Any CPU.Build.0 = Release|Any CPU
	EndGlobalSection
	GlobalSection(SolutionProperties) = preSolution
		HideSolutionNode = FALSE
	EndGlobalSection
	GlobalSection(ExtensibilityGlobals) = postSolution
		SolutionGuid = {041CF457-3B40-44F2-A1CA-81F91D688D77}
	EndGlobalSection
EndGlobal
